// !$*UTF8*$!
{
	archiveVersion = 1;
	classes = {
	};
	objectVersion = 50;
	objects = {

/* Begin PBXBuildFile section */
		84FD0FA92231A10100EDA91E /* AppDelegate.swift in Sources */ = {isa = PBXBuildFile; fileRef = 84FD0FA82231A10100EDA91E /* AppDelegate.swift */; };
		84FD0FAB2231A10100EDA91E /* ViewController.swift in Sources */ = {isa = PBXBuildFile; fileRef = 84FD0FAA2231A10100EDA91E /* ViewController.swift */; };
		84FD0FAE2231A10100EDA91E /* Main.storyboard in Resources */ = {isa = PBXBuildFile; fileRef = 84FD0FAC2231A10100EDA91E /* Main.storyboard */; };
		84FD0FB02231A10200EDA91E /* Assets.xcassets in Resources */ = {isa = PBXBuildFile; fileRef = 84FD0FAF2231A10200EDA91E /* Assets.xcassets */; };
		84FD0FB32231A10200EDA91E /* LaunchScreen.storyboard in Resources */ = {isa = PBXBuildFile; fileRef = 84FD0FB12231A10200EDA91E /* LaunchScreen.storyboard */; };
		84FD0FBE2231A10200EDA91E /* ManishYouTubeTests.swift in Sources */ = {isa = PBXBuildFile; fileRef = 84FD0FBD2231A10200EDA91E /* ManishYouTubeTests.swift */; };
		A6A4B5D248F921B39990403B /* Pods_ManishYouTube_ManishYouTubeTests.framework in Frameworks */ = {isa = PBXBuildFile; fileRef = 00D67A51DFBB8C91630C3502 /* Pods_ManishYouTube_ManishYouTubeTests.framework */; };
		E3DB19F81CC22289778A30CB /* Pods_ManishYouTube.framework in Frameworks */ = {isa = PBXBuildFile; fileRef = EAD3A050CEBEAA879F04F0C3 /* Pods_ManishYouTube.framework */; };
/* End PBXBuildFile section */

/* Begin PBXContainerItemProxy section */
		84FD0FBA2231A10200EDA91E /* PBXContainerItemProxy */ = {
			isa = PBXContainerItemProxy;
			containerPortal = 84FD0F9D2231A10100EDA91E /* Project object */;
			proxyType = 1;
			remoteGlobalIDString = 84FD0FA42231A10100EDA91E;
			remoteInfo = ManishYouTube;
		};
/* End PBXContainerItemProxy section */

/* Begin PBXFileReference section */
		00D67A51DFBB8C91630C3502 /* Pods_ManishYouTube_ManishYouTubeTests.framework */ = {isa = PBXFileReference; explicitFileType = wrapper.framework; includeInIndex = 0; path = Pods_ManishYouTube_ManishYouTubeTests.framework; sourceTree = BUILT_PRODUCTS_DIR; };
		1711E1390B6E35B7C1CC3FA7 /* Pods-ManishYouTube-ManishYouTubeTests.release.xcconfig */ = {isa = PBXFileReference; includeInIndex = 1; lastKnownFileType = text.xcconfig; name = "Pods-ManishYouTube-ManishYouTubeTests.release.xcconfig"; path = "Pods/Target Support Files/Pods-ManishYouTube-ManishYouTubeTests/Pods-ManishYouTube-ManishYouTubeTests.release.xcconfig"; sourceTree = "<group>"; };
		1E6CAAED247376947F74CE4B /* Pods-ManishYouTube.release.xcconfig */ = {isa = PBXFileReference; includeInIndex = 1; lastKnownFileType = text.xcconfig; name = "Pods-ManishYouTube.release.xcconfig"; path = "Pods/Target Support Files/Pods-ManishYouTube/Pods-ManishYouTube.release.xcconfig"; sourceTree = "<group>"; };
		229146F53CCE656DD21DD165 /* Pods-ManishYouTube.debug.xcconfig */ = {isa = PBXFileReference; includeInIndex = 1; lastKnownFileType = text.xcconfig; name = "Pods-ManishYouTube.debug.xcconfig"; path = "Pods/Target Support Files/Pods-ManishYouTube/Pods-ManishYouTube.debug.xcconfig"; sourceTree = "<group>"; };
		84FD0FA52231A10100EDA91E /* ManishYouTube.app */ = {isa = PBXFileReference; explicitFileType = wrapper.application; includeInIndex = 0; path = ManishYouTube.app; sourceTree = BUILT_PRODUCTS_DIR; };
		84FD0FA82231A10100EDA91E /* AppDelegate.swift */ = {isa = PBXFileReference; lastKnownFileType = sourcecode.swift; path = AppDelegate.swift; sourceTree = "<group>"; };
		84FD0FAA2231A10100EDA91E /* ViewController.swift */ = {isa = PBXFileReference; lastKnownFileType = sourcecode.swift; path = ViewController.swift; sourceTree = "<group>"; };
		84FD0FAD2231A10100EDA91E /* Base */ = {isa = PBXFileReference; lastKnownFileType = file.storyboard; name = Base; path = Base.lproj/Main.storyboard; sourceTree = "<group>"; };
		84FD0FAF2231A10200EDA91E /* Assets.xcassets */ = {isa = PBXFileReference; lastKnownFileType = folder.assetcatalog; path = Assets.xcassets; sourceTree = "<group>"; };
		84FD0FB22231A10200EDA91E /* Base */ = {isa = PBXFileReference; lastKnownFileType = file.storyboard; name = Base; path = Base.lproj/LaunchScreen.storyboard; sourceTree = "<group>"; };
		84FD0FB42231A10200EDA91E /* Info.plist */ = {isa = PBXFileReference; lastKnownFileType = text.plist.xml; path = Info.plist; sourceTree = "<group>"; };
		84FD0FB92231A10200EDA91E /* ManishYouTubeTests.xctest */ = {isa = PBXFileReference; explicitFileType = wrapper.cfbundle; includeInIndex = 0; path = ManishYouTubeTests.xctest; sourceTree = BUILT_PRODUCTS_DIR; };
		84FD0FBD2231A10200EDA91E /* ManishYouTubeTests.swift */ = {isa = PBXFileReference; lastKnownFileType = sourcecode.swift; path = ManishYouTubeTests.swift; sourceTree = "<group>"; };
		84FD0FBF2231A10200EDA91E /* Info.plist */ = {isa = PBXFileReference; lastKnownFileType = text.plist.xml; path = Info.plist; sourceTree = "<group>"; };
		8FEE8A4185C6BBC671248C81 /* Pods-ManishYouTube-ManishYouTubeTests.debug.xcconfig */ = {isa = PBXFileReference; includeInIndex = 1; lastKnownFileType = text.xcconfig; name = "Pods-ManishYouTube-ManishYouTubeTests.debug.xcconfig"; path = "Pods/Target Support Files/Pods-ManishYouTube-ManishYouTubeTests/Pods-ManishYouTube-ManishYouTubeTests.debug.xcconfig"; sourceTree = "<group>"; };
		EAD3A050CEBEAA879F04F0C3 /* Pods_ManishYouTube.framework */ = {isa = PBXFileReference; explicitFileType = wrapper.framework; includeInIndex = 0; path = Pods_ManishYouTube.framework; sourceTree = BUILT_PRODUCTS_DIR; };
/* End PBXFileReference section */

/* Begin PBXFrameworksBuildPhase section */
		84FD0FA22231A10100EDA91E /* Frameworks */ = {
			isa = PBXFrameworksBuildPhase;
			buildActionMask = 2147483647;
			files = (
				E3DB19F81CC22289778A30CB /* Pods_ManishYouTube.framework in Frameworks */,
			);
			runOnlyForDeploymentPostprocessing = 0;
		};
		84FD0FB62231A10200EDA91E /* Frameworks */ = {
			isa = PBXFrameworksBuildPhase;
			buildActionMask = 2147483647;
			files = (
				A6A4B5D248F921B39990403B /* Pods_ManishYouTube_ManishYouTubeTests.framework in Frameworks */,
			);
			runOnlyForDeploymentPostprocessing = 0;
		};
/* End PBXFrameworksBuildPhase section */

/* Begin PBXGroup section */
		84FD0F9C2231A10100EDA91E = {
			isa = PBXGroup;
			children = (
				84FD0FA72231A10100EDA91E /* ManishYouTube */,
				84FD0FBC2231A10200EDA91E /* ManishYouTubeTests */,
				84FD0FA62231A10100EDA91E /* Products */,
				9A7A0FC4E60211B378FA0B3F /* Pods */,
				A8142936197BAFFD0FE6EDB4 /* Frameworks */,
			);
			sourceTree = "<group>";
		};
		84FD0FA62231A10100EDA91E /* Products */ = {
			isa = PBXGroup;
			children = (
				84FD0FA52231A10100EDA91E /* ManishYouTube.app */,
				84FD0FB92231A10200EDA91E /* ManishYouTubeTests.xctest */,
			);
			name = Products;
			sourceTree = "<group>";
		};
		84FD0FA72231A10100EDA91E /* ManishYouTube */ = {
			isa = PBXGroup;
			children = (
				84FD0FA82231A10100EDA91E /* AppDelegate.swift */,
				84FD0FAA2231A10100EDA91E /* ViewController.swift */,
				84FD0FAC2231A10100EDA91E /* Main.storyboard */,
				84FD0FAF2231A10200EDA91E /* Assets.xcassets */,
				84FD0FB12231A10200EDA91E /* LaunchScreen.storyboard */,
				84FD0FB42231A10200EDA91E /* Info.plist */,
			);
			path = ManishYouTube;
			sourceTree = "<group>";
		};
		84FD0FBC2231A10200EDA91E /* ManishYouTubeTests */ = {
			isa = PBXGroup;
			children = (
				84FD0FBD2231A10200EDA91E /* ManishYouTubeTests.swift */,
				84FD0FBF2231A10200EDA91E /* Info.plist */,
			);
			path = ManishYouTubeTests;
			sourceTree = "<group>";
		};
		9A7A0FC4E60211B378FA0B3F /* Pods */ = {
			isa = PBXGroup;
			children = (
				229146F53CCE656DD21DD165 /* Pods-ManishYouTube.debug.xcconfig */,
				1E6CAAED247376947F74CE4B /* Pods-ManishYouTube.release.xcconfig */,
				8FEE8A4185C6BBC671248C81 /* Pods-ManishYouTube-ManishYouTubeTests.debug.xcconfig */,
				1711E1390B6E35B7C1CC3FA7 /* Pods-ManishYouTube-ManishYouTubeTests.release.xcconfig */,
			);
			name = Pods;
			sourceTree = "<group>";
		};
		A8142936197BAFFD0FE6EDB4 /* Frameworks */ = {
			isa = PBXGroup;
			children = (
				EAD3A050CEBEAA879F04F0C3 /* Pods_ManishYouTube.framework */,
				00D67A51DFBB8C91630C3502 /* Pods_ManishYouTube_ManishYouTubeTests.framework */,
			);
			name = Frameworks;
			sourceTree = "<group>";
		};
/* End PBXGroup section */

/* Begin PBXNativeTarget section */
		84FD0FA42231A10100EDA91E /* ManishYouTube */ = {
			isa = PBXNativeTarget;
			buildConfigurationList = 84FD0FC22231A10200EDA91E /* Build configuration list for PBXNativeTarget "ManishYouTube" */;
			buildPhases = (
				5731043AE305A2C484313AAD /* [CP] Check Pods Manifest.lock */,
				84FD0FA12231A10100EDA91E /* Sources */,
				84FD0FA22231A10100EDA91E /* Frameworks */,
				84FD0FA32231A10100EDA91E /* Resources */,
				445C28202A7FDC13BE60B704 /* [CP] Embed Pods Frameworks */,
			);
			buildRules = (
			);
			dependencies = (
			);
			name = ManishYouTube;
			productName = ManishYouTube;
			productReference = 84FD0FA52231A10100EDA91E /* ManishYouTube.app */;
			productType = "com.apple.product-type.application";
		};
		84FD0FB82231A10200EDA91E /* ManishYouTubeTests */ = {
			isa = PBXNativeTarget;
			buildConfigurationList = 84FD0FC52231A10200EDA91E /* Build configuration list for PBXNativeTarget "ManishYouTubeTests" */;
			buildPhases = (
				6A0AABD1EE7280C16ABA7FC4 /* [CP] Check Pods Manifest.lock */,
				84FD0FB52231A10200EDA91E /* Sources */,
				84FD0FB62231A10200EDA91E /* Frameworks */,
				84FD0FB72231A10200EDA91E /* Resources */,
				D57B5796302328A163968C92 /* [CP] Embed Pods Frameworks */,
			);
			buildRules = (
			);
			dependencies = (
				84FD0FBB2231A10200EDA91E /* PBXTargetDependency */,
			);
			name = ManishYouTubeTests;
			productName = ManishYouTubeTests;
			productReference = 84FD0FB92231A10200EDA91E /* ManishYouTubeTests.xctest */;
			productType = "com.apple.product-type.bundle.unit-test";
		};
/* End PBXNativeTarget section */

/* Begin PBXProject section */
		84FD0F9D2231A10100EDA91E /* Project object */ = {
			isa = PBXProject;
			attributes = {
				LastSwiftUpdateCheck = 1010;
				LastUpgradeCheck = 1010;
				ORGANIZATIONNAME = Manish;
				TargetAttributes = {
					84FD0FA42231A10100EDA91E = {
						CreatedOnToolsVersion = 10.1;
					};
					84FD0FB82231A10200EDA91E = {
						CreatedOnToolsVersion = 10.1;
						TestTargetID = 84FD0FA42231A10100EDA91E;
					};
				};
			};
			buildConfigurationList = 84FD0FA02231A10100EDA91E /* Build configuration list for PBXProject "ManishYouTube" */;
			compatibilityVersion = "Xcode 9.3";
			developmentRegion = en;
			hasScannedForEncodings = 0;
			knownRegions = (
				en,
				Base,
			);
			mainGroup = 84FD0F9C2231A10100EDA91E;
			productRefGroup = 84FD0FA62231A10100EDA91E /* Products */;
			projectDirPath = "";
			projectRoot = "";
			targets = (
				84FD0FA42231A10100EDA91E /* ManishYouTube */,
				84FD0FB82231A10200EDA91E /* ManishYouTubeTests */,
			);
		};
/* End PBXProject section */

/* Begin PBXResourcesBuildPhase section */
		84FD0FA32231A10100EDA91E /* Resources */ = {
			isa = PBXResourcesBuildPhase;
			buildActionMask = 2147483647;
			files = (
				84FD0FB32231A10200EDA91E /* LaunchScreen.storyboard in Resources */,
				84FD0FB02231A10200EDA91E /* Assets.xcassets in Resources */,
				84FD0FAE2231A10100EDA91E /* Main.storyboard in Resources */,
			);
			runOnlyForDeploymentPostprocessing = 0;
		};
		84FD0FB72231A10200EDA91E /* Resources */ = {
			isa = PBXResourcesBuildPhase;
			buildActionMask = 2147483647;
			files = (
			);
			runOnlyForDeploymentPostprocessing = 0;
		};
/* End PBXResourcesBuildPhase section */

/* Begin PBXShellScriptBuildPhase section */
		445C28202A7FDC13BE60B704 /* [CP] Embed Pods Frameworks */ = {
			isa = PBXShellScriptBuildPhase;
			buildActionMask = 2147483647;
			files = (
			);
			inputFileListPaths = (
			);
			inputPaths = (
				"${SRCROOT}/Pods/Target Support Files/Pods-ManishYouTube/Pods-ManishYouTube-frameworks.sh",
				"${BUILT_PRODUCTS_DIR}/Alamofire/Alamofire.framework",
				"${BUILT_PRODUCTS_DIR}/Kingfisher/Kingfisher.framework",
			);
			name = "[CP] Embed Pods Frameworks";
			outputFileListPaths = (
			);
			outputPaths = (
				"${TARGET_BUILD_DIR}/${FRAMEWORKS_FOLDER_PATH}/Alamofire.framework",
				"${TARGET_BUILD_DIR}/${FRAMEWORKS_FOLDER_PATH}/Kingfisher.framework",
			);
			runOnlyForDeploymentPostprocessing = 0;
			shellPath = /bin/sh;
			shellScript = "\"${SRCROOT}/Pods/Target Support Files/Pods-ManishYouTube/Pods-ManishYouTube-frameworks.sh\"\n";
			showEnvVarsInLog = 0;
		};
		5731043AE305A2C484313AAD /* [CP] Check Pods Manifest.lock */ = {
			isa = PBXShellScriptBuildPhase;
			buildActionMask = 2147483647;
			files = (
			);
			inputFileListPaths = (
			);
			inputPaths = (
				"${PODS_PODFILE_DIR_PATH}/Podfile.lock",
				"${PODS_ROOT}/Manifest.lock",
			);
			name = "[CP] Check Pods Manifest.lock";
			outputFileListPaths = (
			);
			outputPaths = (
				"$(DERIVED_FILE_DIR)/Pods-ManishYouTube-checkManifestLockResult.txt",
			);
			runOnlyForDeploymentPostprocessing = 0;
			shellPath = /bin/sh;
			shellScript = "diff \"${PODS_PODFILE_DIR_PATH}/Podfile.lock\" \"${PODS_ROOT}/Manifest.lock\" > /dev/null\nif [ $? != 0 ] ; then\n    # print error to STDERR\n    echo \"error: The sandbox is not in sync with the Podfile.lock. Run 'pod install' or update your CocoaPods installation.\" >&2\n    exit 1\nfi\n# This output is used by Xcode 'outputs' to avoid re-running this script phase.\necho \"SUCCESS\" > \"${SCRIPT_OUTPUT_FILE_0}\"\n";
			showEnvVarsInLog = 0;
		};
		6A0AABD1EE7280C16ABA7FC4 /* [CP] Check Pods Manifest.lock */ = {
			isa = PBXShellScriptBuildPhase;
			buildActionMask = 2147483647;
			files = (
			);
			inputFileListPaths = (
			);
			inputPaths = (
				"${PODS_PODFILE_DIR_PATH}/Podfile.lock",
				"${PODS_ROOT}/Manifest.lock",
			);
			name = "[CP] Check Pods Manifest.lock";
			outputFileListPaths = (
			);
			outputPaths = (
				"$(DERIVED_FILE_DIR)/Pods-ManishYouTube-ManishYouTubeTests-checkManifestLockResult.txt",
			);
			runOnlyForDeploymentPostprocessing = 0;
			shellPath = /bin/sh;
			shellScript = "diff \"${PODS_PODFILE_DIR_PATH}/Podfile.lock\" \"${PODS_ROOT}/Manifest.lock\" > /dev/null\nif [ $? != 0 ] ; then\n    # print error to STDERR\n    echo \"error: The sandbox is not in sync with the Podfile.lock. Run 'pod install' or update your CocoaPods installation.\" >&2\n    exit 1\nfi\n# This output is used by Xcode 'outputs' to avoid re-running this script phase.\necho \"SUCCESS\" > \"${SCRIPT_OUTPUT_FILE_0}\"\n";
			showEnvVarsInLog = 0;
		};
		D57B5796302328A163968C92 /* [CP] Embed Pods Frameworks */ = {
			isa = PBXShellScriptBuildPhase;
			buildActionMask = 2147483647;
			files = (
			);
			inputFileListPaths = (
			);
			inputPaths = (
				"${SRCROOT}/Pods/Target Support Files/Pods-ManishYouTube-ManishYouTubeTests/Pods-ManishYouTube-ManishYouTubeTests-frameworks.sh",
				"${BUILT_PRODUCTS_DIR}/Alamofire/Alamofire.framework",
				"${BUILT_PRODUCTS_DIR}/Kingfisher/Kingfisher.framework",
			);
			name = "[CP] Embed Pods Frameworks";
			outputFileListPaths = (
			);
			outputPaths = (
				"${TARGET_BUILD_DIR}/${FRAMEWORKS_FOLDER_PATH}/Alamofire.framework",
				"${TARGET_BUILD_DIR}/${FRAMEWORKS_FOLDER_PATH}/Kingfisher.framework",
			);
			runOnlyForDeploymentPostprocessing = 0;
			shellPath = /bin/sh;
			shellScript = "\"${SRCROOT}/Pods/Target Support Files/Pods-ManishYouTube-ManishYouTubeTests/Pods-ManishYouTube-ManishYouTubeTests-frameworks.sh\"\n";
			showEnvVarsInLog = 0;
		};
/* End PBXShellScriptBuildPhase section */

/* Begin PBXSourcesBuildPhase section */
		84FD0FA12231A10100EDA91E /* Sources */ = {
			isa = PBXSourcesBuildPhase;
			buildActionMask = 2147483647;
			files = (
				84FD0FAB2231A10100EDA91E /* ViewController.swift in Sources */,
				84FD0FA92231A10100EDA91E /* AppDelegate.swift in Sources */,
			);
			runOnlyForDeploymentPostprocessing = 0;
		};
		84FD0FB52231A10200EDA91E /* Sources */ = {
			isa = PBXSourcesBuildPhase;
			buildActionMask = 2147483647;
			files = (
				84FD0FBE2231A10200EDA91E /* ManishYouTubeTests.swift in Sources */,
			);
			runOnlyForDeploymentPostprocessing = 0;
		};
/* End PBXSourcesBuildPhase section */

/* Begin PBXTargetDependency section */
		84FD0FBB2231A10200EDA91E /* PBXTargetDependency */ = {
			isa = PBXTargetDependency;
			target = 84FD0FA42231A10100EDA91E /* ManishYouTube */;
			targetProxy = 84FD0FBA2231A10200EDA91E /* PBXContainerItemProxy */;
		};
/* End PBXTargetDependency section */

/* Begin PBXVariantGroup section */
		84FD0FAC2231A10100EDA91E /* Main.storyboard */ = {
			isa = PBXVariantGroup;
			children = (
				84FD0FAD2231A10100EDA91E /* Base */,
			);
			name = Main.storyboard;
			sourceTree = "<group>";
		};
		84FD0FB12231A10200EDA91E /* LaunchScreen.storyboard */ = {
			isa = PBXVariantGroup;
			children = (
				84FD0FB22231A10200EDA91E /* Base */,
			);
			name = LaunchScreen.storyboard;
			sourceTree = "<group>";
		};
/* End PBXVariantGroup section */

/* Begin XCBuildConfiguration section */
		84FD0FC02231A10200EDA91E /* Debug */ = {
			isa = XCBuildConfiguration;
			buildSettings = {
				ALWAYS_SEARCH_USER_PATHS = NO;
				CLANG_ANALYZER_NONNULL = YES;
				CLANG_ANALYZER_NUMBER_OBJECT_CONVERSION = YES_AGGRESSIVE;
				CLANG_CXX_LANGUAGE_STANDARD = "gnu++14";
				CLANG_CXX_LIBRARY = "libc++";
				CLANG_ENABLE_MODULES = YES;
				CLANG_ENABLE_OBJC_ARC = YES;
				CLANG_ENABLE_OBJC_WEAK = YES;
				CLANG_WARN_BLOCK_CAPTURE_AUTORELEASING = YES;
				CLANG_WARN_BOOL_CONVERSION = YES;
				CLANG_WARN_COMMA = YES;
				CLANG_WARN_CONSTANT_CONVERSION = YES;
				CLANG_WARN_DEPRECATED_OBJC_IMPLEMENTATIONS = YES;
				CLANG_WARN_DIRECT_OBJC_ISA_USAGE = YES_ERROR;
				CLANG_WARN_DOCUMENTATION_COMMENTS = YES;
				CLANG_WARN_EMPTY_BODY = YES;
				CLANG_WARN_ENUM_CONVERSION = YES;
				CLANG_WARN_INFINITE_RECURSION = YES;
				CLANG_WARN_INT_CONVERSION = YES;
				CLANG_WARN_NON_LITERAL_NULL_CONVERSION = YES;
				CLANG_WARN_OBJC_IMPLICIT_RETAIN_SELF = YES;
				CLANG_WARN_OBJC_LITERAL_CONVERSION = YES;
				CLANG_WARN_OBJC_ROOT_CLASS = YES_ERROR;
				CLANG_WARN_RANGE_LOOP_ANALYSIS = YES;
				CLANG_WARN_STRICT_PROTOTYPES = YES;
				CLANG_WARN_SUSPICIOUS_MOVE = YES;
				CLANG_WARN_UNGUARDED_AVAILABILITY = YES_AGGRESSIVE;
				CLANG_WARN_UNREACHABLE_CODE = YES;
				CLANG_WARN__DUPLICATE_METHOD_MATCH = YES;
				CODE_SIGN_IDENTITY = "iPhone Developer";
				COPY_PHASE_STRIP = NO;
				DEBUG_INFORMATION_FORMAT = dwarf;
				ENABLE_STRICT_OBJC_MSGSEND = YES;
				ENABLE_TESTABILITY = YES;
				GCC_C_LANGUAGE_STANDARD = gnu11;
				GCC_DYNAMIC_NO_PIC = NO;
				GCC_NO_COMMON_BLOCKS = YES;
				GCC_OPTIMIZATION_LEVEL = 0;
				GCC_PREPROCESSOR_DEFINITIONS = (
					"DEBUG=1",
					"$(inherited)",
				);
				GCC_WARN_64_TO_32_BIT_CONVERSION = YES;
				GCC_WARN_ABOUT_RETURN_TYPE = YES_ERROR;
				GCC_WARN_UNDECLARED_SELECTOR = YES;
				GCC_WARN_UNINITIALIZED_AUTOS = YES_AGGRESSIVE;
				GCC_WARN_UNUSED_FUNCTION = YES;
				GCC_WARN_UNUSED_VARIABLE = YES;
				IPHONEOS_DEPLOYMENT_TARGET = 10.0;
				MTL_ENABLE_DEBUG_INFO = INCLUDE_SOURCE;
				MTL_FAST_MATH = YES;
				ONLY_ACTIVE_ARCH = YES;
				SDKROOT = iphoneos;
				SWIFT_ACTIVE_COMPILATION_CONDITIONS = DEBUG;
				SWIFT_OPTIMIZATION_LEVEL = "-Onone";
			};
			name = Debug;
		};
		84FD0FC12231A10200EDA91E /* Release */ = {
			isa = XCBuildConfiguration;
			buildSettings = {
				ALWAYS_SEARCH_USER_PATHS = NO;
				CLANG_ANALYZER_NONNULL = YES;
				CLANG_ANALYZER_NUMBER_OBJECT_CONVERSION = YES_AGGRESSIVE;
				CLANG_CXX_LANGUAGE_STANDARD = "gnu++14";
				CLANG_CXX_LIBRARY = "libc++";
				CLANG_ENABLE_MODULES = YES;
				CLANG_ENABLE_OBJC_ARC = YES;
				CLANG_ENABLE_OBJC_WEAK = YES;
				CLANG_WARN_BLOCK_CAPTURE_AUTORELEASING = YES;
				CLANG_WARN_BOOL_CONVERSION = YES;
				CLANG_WARN_COMMA = YES;
				CLANG_WARN_CONSTANT_CONVERSION = YES;
				CLANG_WARN_DEPRECATED_OBJC_IMPLEMENTATIONS = YES;
				CLANG_WARN_DIRECT_OBJC_ISA_USAGE = YES_ERROR;
				CLANG_WARN_DOCUMENTATION_COMMENTS = YES;
				CLANG_WARN_EMPTY_BODY = YES;
				CLANG_WARN_ENUM_CONVERSION = YES;
				CLANG_WARN_INFINITE_RECURSION = YES;
				CLANG_WARN_INT_CONVERSION = YES;
				CLANG_WARN_NON_LITERAL_NULL_CONVERSION = YES;
				CLANG_WARN_OBJC_IMPLICIT_RETAIN_SELF = YES;
				CLANG_WARN_OBJC_LITERAL_CONVERSION = YES;
				CLANG_WARN_OBJC_ROOT_CLASS = YES_ERROR;
				CLANG_WARN_RANGE_LOOP_ANALYSIS = YES;
				CLANG_WARN_STRICT_PROTOTYPES = YES;
				CLANG_WARN_SUSPICIOUS_MOVE = YES;
				CLANG_WARN_UNGUARDED_AVAILABILITY = YES_AGGRESSIVE;
				CLANG_WARN_UNREACHABLE_CODE = YES;
				CLANG_WARN__DUPLICATE_METHOD_MATCH = YES;
				CODE_SIGN_IDENTITY = "iPhone Developer";
				COPY_PHASE_STRIP = NO;
				DEBUG_INFORMATION_FORMAT = "dwarf-with-dsym";
				ENABLE_NS_ASSERTIONS = NO;
				ENABLE_STRICT_OBJC_MSGSEND = YES;
				GCC_C_LANGUAGE_STANDARD = gnu11;
				GCC_NO_COMMON_BLOCKS = YES;
				GCC_WARN_64_TO_32_BIT_CONVERSION = YES;
				GCC_WARN_ABOUT_RETURN_TYPE = YES_ERROR;
				GCC_WARN_UNDECLARED_SELECTOR = YES;
				GCC_WARN_UNINITIALIZED_AUTOS = YES_AGGRESSIVE;
				GCC_WARN_UNUSED_FUNCTION = YES;
				GCC_WARN_UNUSED_VARIABLE = YES;
				IPHONEOS_DEPLOYMENT_TARGET = 10.0;
				MTL_ENABLE_DEBUG_INFO = NO;
				MTL_FAST_MATH = YES;
				SDKROOT = iphoneos;
				SWIFT_COMPILATION_MODE = wholemodule;
				SWIFT_OPTIMIZATION_LEVEL = "-O";
				VALIDATE_PRODUCT = YES;
			};
			name = Release;
		};
		84FD0FC32231A10200EDA91E /* Debug */ = {
			isa = XCBuildConfiguration;
			baseConfigurationReference = 229146F53CCE656DD21DD165 /* Pods-ManishYouTube.debug.xcconfig */;
			buildSettings = {
				ASSETCATALOG_COMPILER_APPICON_NAME = AppIcon;
				CODE_SIGN_STYLE = Automatic;
				INFOPLIST_FILE = ManishYouTube/Info.plist;
				IPHONEOS_DEPLOYMENT_TARGET = 10.0;
				LD_RUNPATH_SEARCH_PATHS = (
					"$(inherited)",
					"@executable_path/Frameworks",
				);
				PRODUCT_BUNDLE_IDENTIFIER = com.manish.ManishYouTube;
				PRODUCT_NAME = "$(TARGET_NAME)";
				SWIFT_VERSION = 4.2;
				TARGETED_DEVICE_FAMILY = "1,2";
			};
			name = Debug;
		};
		84FD0FC42231A10200EDA91E /* Release */ = {
			isa = XCBuildConfiguration;
			baseConfigurationReference = 1E6CAAED247376947F74CE4B /* Pods-ManishYouTube.release.xcconfig */;
			buildSettings = {
				ASSETCATALOG_COMPILER_APPICON_NAME = AppIcon;
				CODE_SIGN_STYLE = Automatic;
				INFOPLIST_FILE = ManishYouTube/Info.plist;
				IPHONEOS_DEPLOYMENT_TARGET = 10.0;
				LD_RUNPATH_SEARCH_PATHS = (
					"$(inherited)",
					"@executable_path/Frameworks",
				);
				PRODUCT_BUNDLE_IDENTIFIER = com.manish.ManishYouTube;
				PRODUCT_NAME = "$(TARGET_NAME)";
				SWIFT_VERSION = 4.2;
				TARGETED_DEVICE_FAMILY = "1,2";
			};
			name = Release;
		};
		84FD0FC62231A10200EDA91E /* Debug */ = {
			isa = XCBuildConfiguration;
			baseConfigurationReference = 8FEE8A4185C6BBC671248C81 /* Pods-ManishYouTube-ManishYouTubeTests.debug.xcconfig */;
			buildSettings = {
				ALWAYS_EMBED_SWIFT_STANDARD_LIBRARIES = YES;
				BUNDLE_LOADER = "$(TEST_HOST)";
				CODE_SIGN_STYLE = Automatic;
				INFOPLIST_FILE = ManishYouTubeTests/Info.plist;
				LD_RUNPATH_SEARCH_PATHS = (
					"$(inherited)",
					"@executable_path/Frameworks",
					"@loader_path/Frameworks",
				);
				PRODUCT_BUNDLE_IDENTIFIER = com.manish.ManishYouTubeTests;
				PRODUCT_NAME = "$(TARGET_NAME)";
				SWIFT_VERSION = 4.2;
				TARGETED_DEVICE_FAMILY = "1,2";
				TEST_HOST = "$(BUILT_PRODUCTS_DIR)/ManishYouTube.app/ManishYouTube";
			};
			name = Debug;
		};
		84FD0FC72231A10200EDA91E /* Release */ = {
			isa = XCBuildConfiguration;
			baseConfigurationReference = 1711E1390B6E35B7C1CC3FA7 /* Pods-ManishYouTube-ManishYouTubeTests.release.xcconfig */;
			buildSettings = {
				ALWAYS_EMBED_SWIFT_STANDARD_LIBRARIES = YES;
				BUNDLE_LOADER = "$(TEST_HOST)";
				CODE_SIGN_STYLE = Automatic;
				INFOPLIST_FILE = ManishYouTubeTests/Info.plist;
				LD_RUNPATH_SEARCH_PATHS = (
					"$(inherited)",
					"@executable_path/Frameworks",
					"@loader_path/Frameworks",
				);
				PRODUCT_BUNDLE_IDENTIFIER = com.manish.ManishYouTubeTests;
				PRODUCT_NAME = "$(TARGET_NAME)";
				SWIFT_VERSION = 4.2;
				TARGETED_DEVICE_FAMILY = "1,2";
				TEST_HOST = "$(BUILT_PRODUCTS_DIR)/ManishYouTube.app/ManishYouTube";
			};
			name = Release;
		};
/* End XCBuildConfiguration section */

/* Begin XCConfigurationList section */
		84FD0FA02231A10100EDA91E /* Build configuration list for PBXProject "ManishYouTube" */ = {
			isa = XCConfigurationList;
			buildConfigurations = (
				84FD0FC02231A10200EDA91E /* Debug */,
				84FD0FC12231A10200EDA91E /* Release */,
			);
			defaultConfigurationIsVisible = 0;
			defaultConfigurationName = Release;
		};
		84FD0FC22231A10200EDA91E /* Build configuration list for PBXNativeTarget "ManishYouTube" */ = {
			isa = XCConfigurationList;
			buildConfigurations = (
				84FD0FC32231A10200EDA91E /* Debug */,
				84FD0FC42231A10200EDA91E /* Release */,
			);
			defaultConfigurationIsVisible = 0;
			defaultConfigurationName = Release;
		};
		84FD0FC52231A10200EDA91E /* Build configuration list for PBXNativeTarget "ManishYouTubeTests" */ = {
			isa = XCConfigurationList;
			buildConfigurations = (
				84FD0FC62231A10200EDA91E /* Debug */,
				84FD0FC72231A10200EDA91E /* Release */,
			);
			defaultConfigurationIsVisible = 0;
			defaultConfigurationName = Release;
		};
/* End XCConfigurationList section */
	};
	rootObject = 84FD0F9D2231A10100EDA91E /* Project object */;
}
